PODS:
  - CRGoodsDetailServiceProtocol (0.0.3)
  - CRProtocolManager (0.0.1)

DEPENDENCIES:
  - CRGoodsDetailServiceProtocol
  - CRProtocolManager

SPEC CHECKSUMS:
  CRGoodsDetailServiceProtocol: ed48de49b6a2b40f847cab8d6980ce6feecf7cfd
  CRProtocolManager: 59fe3a44dd99d02fb8ca09394554125d09ef6f5b

PODFILE CHECKSUM: 9ab9945758231b99faa1fe3c6d56bcc0f089ccc7

COCOAPODS: 1.1.1
